Microsoft Visual Studio Solution File, Format Version 12.00
# Visual Studio Version 17
VisualStudioVersion = 17.5.2.0
MinimumVisualStudioVersion = 10.0.40219.1
Project("{FAE04EC0-301F-11D3-BF4B-00C04F79EFBC}") = "1_WebApi_Handson", "1_WebApi_Handson\1_WebApi_Handson.csproj", "{42642BA3-72B8-B84C-44DA-ABB41B55AE0D}"
EndProject
Global
	GlobalSection(SolutionConfigurationPlatforms) = preSolution
		Debug|Any CPU = Debug|Any CPU
		Release|Any CPU = Release|Any CPU
	EndGlobalSection
	GlobalSection(ProjectConfigurationPlatforms) = postSolution
		{42642BA3-72B8-B84C-44DA-ABB41B55AE0D}.Debug|Any CPU.ActiveCfg = Debug|Any CPU
		{42642BA3-72B8-B84C-44DA-ABB41B55AE0D}.Debug|Any CPU.Build.0 = Debug|Any CPU
		{42642BA3-72B8-B84C-44DA-ABB41B55AE0D}.Release|Any CPU.ActiveCfg = Release|Any CPU
		{42642BA3-72B8-B84C-44DA-ABB41B55AE0D}.Release|Any CPU.Build.0 = Release|Any CPU
	EndGlobalSection
	GlobalSection(SolutionProperties) = preSolution
		HideSolutionNode = FALSE
	EndGlobalSection
	GlobalSection(ExtensibilityGlobals) = postSolution
		SolutionGuid = {2DA4922E-6571-4022-929C-382BBADAF152}
	EndGlobalSection
EndGlobal
