
Microsoft Visual Studio Solution File, Format Version 12.00
# Visual Studio Version 17
VisualStudioVersion = 17.14.36203.30 d17.14
MinimumVisualStudioVersion = 10.0.40219.1
Project("{FAE04EC0-301F-11D3-BF4B-00C04F79EFBC}") = "Module-7 JwtAuth", "Module-7 JwtAuth.csproj", "{3FABC71F-2DF4-4DC3-8B0F-8AB0E806133F}"
EndProject
Global
	GlobalSection(SolutionConfigurationPlatforms) = preSolution
		Debug|Any CPU = Debug|Any CPU
		Release|Any CPU = Release|Any CPU
	EndGlobalSection
	GlobalSection(ProjectConfigurationPlatforms) = postSolution
		{3FABC71F-2DF4-4DC3-8B0F-8AB0E806133F}.Debug|Any CPU.ActiveCfg = Debug|Any CPU
		{3FABC71F-2DF4-4DC3-8B0F-8AB0E806133F}.Debug|Any CPU.Build.0 = Debug|Any CPU
		{3FABC71F-2DF4-4DC3-8B0F-8AB0E806133F}.Release|Any CPU.ActiveCfg = Release|Any CPU
		{3FABC71F-2DF4-4DC3-8B0F-8AB0E806133F}.Release|Any CPU.Build.0 = Release|Any CPU
	EndGlobalSection
	GlobalSection(SolutionProperties) = preSolution
		HideSolutionNode = FALSE
	EndGlobalSection
	GlobalSection(ExtensibilityGlobals) = postSolution
		SolutionGuid = {CAD1FC6A-0B9B-48C1-ACF5-6489A0BC4C3C}
	EndGlobalSection
EndGlobal
